// !$*UTF8*$!
{
	archiveVersion = 1;
	classes = {
	};
	objectVersion = 46;
	objects = {

/* Begin PBXBuildFile section */
		22C0E3B41EE849DA006285E2 /* AppDelegate.swift in Sources */ = {isa = PBXBuildFile; fileRef = 22C0E3B31EE849DA006285E2 /* AppDelegate.swift */; };
		22C0E3B61EE849DA006285E2 /* ViewController.swift in Sources */ = {isa = PBXBuildFile; fileRef = 22C0E3B51EE849DA006285E2 /* ViewController.swift */; };
		22C0E3B91EE849DA006285E2 /* Main.storyboard in Resources */ = {isa = PBXBuildFile; fileRef = 22C0E3B71EE849DA006285E2 /* Main.storyboard */; };
		22C0E3BB1EE849DA006285E2 /* Assets.xcassets in Resources */ = {isa = PBXBuildFile; fileRef = 22C0E3BA1EE849DA006285E2 /* Assets.xcassets */; };
		22C0E3BE1EE849DA006285E2 /* LaunchScreen.storyboard in Resources */ = {isa = PBXBuildFile; fileRef = 22C0E3BC1EE849DA006285E2 /* LaunchScreen.storyboard */; };
		22C0E3C91EE849DA006285E2 /* disruptTests.swift in Sources */ = {isa = PBXBuildFile; fileRef = 22C0E3C81EE849DA006285E2 /* disruptTests.swift */; };
		22C0E3D41EE849DA006285E2 /* disruptUITests.swift in Sources */ = {isa = PBXBuildFile; fileRef = 22C0E3D31EE849DA006285E2 /* disruptUITests.swift */; };
		22FEF3641EE86A3900942A60 /* MapViewController.swift in Sources */ = {isa = PBXBuildFile; fileRef = 22FEF3631EE86A3900942A60 /* MapViewController.swift */; };
		22FEF3661EE86AF600942A60 /* Location.swift in Sources */ = {isa = PBXBuildFile; fileRef = 22FEF3651EE86AF600942A60 /* Location.swift */; };
		A0E14981D50F45EAC9F3409D /* Pods_disruptTests.framework in Frameworks */ = {isa = PBXBuildFile; fileRef = 0CA4E944B228F93F2E89676B /* Pods_disruptTests.framework */; };
		D33295CAC9DA5764FCC82C80 /* Pods_disruptUITests.framework in Frameworks */ = {isa = PBXBuildFile; fileRef = 18DFF9634A9387589719948A /* Pods_disruptUITests.framework */; };
		EE9A62AB5AA787DABD75B198 /* Pods_disrupt.framework in Frameworks */ = {isa = PBXBuildFile; fileRef = 92D49F3D9C9A9825E38824D1 /* Pods_disrupt.framework */; };
/* End PBXBuildFile section */

/* Begin PBXContainerItemProxy section */
		22C0E3C51EE849DA006285E2 /* PBXContainerItemProxy */ = {
			isa = PBXContainerItemProxy;
			containerPortal = 22C0E3A81EE849DA006285E2 /* Project object */;
			proxyType = 1;
			remoteGlobalIDString = 22C0E3AF1EE849DA006285E2;
			remoteInfo = disrupt;
		};
		22C0E3D01EE849DA006285E2 /* PBXContainerItemProxy */ = {
			isa = PBXContainerItemProxy;
			containerPortal = 22C0E3A81EE849DA006285E2 /* Project object */;
			proxyType = 1;
			remoteGlobalIDString = 22C0E3AF1EE849DA006285E2;
			remoteInfo = disrupt;
		};
/* End PBXContainerItemProxy section */

/* Begin PBXFileReference section */
		0CA4E944B228F93F2E89676B /* Pods_disruptTests.framework */ = {isa = PBXFileReference; explicitFileType = wrapper.framework; includeInIndex = 0; path = Pods_disruptTests.framework; sourceTree = BUILT_PRODUCTS_DIR; };
		117AC3C80A5384B204072F8E /* Pods-disruptTests.release.xcconfig */ = {isa = PBXFileReference; includeInIndex = 1; lastKnownFileType = text.xcconfig; name = "Pods-disruptTests.release.xcconfig"; path = "Pods/Target Support Files/Pods-disruptTests/Pods-disruptTests.release.xcconfig"; sourceTree = "<group>"; };
		18DFF9634A9387589719948A /* Pods_disruptUITests.framework */ = {isa = PBXFileReference; explicitFileType = wrapper.framework; includeInIndex = 0; path = Pods_disruptUITests.framework; sourceTree = BUILT_PRODUCTS_DIR; };
		22C0E3B01EE849DA006285E2 /* disrupt.app */ = {isa = PBXFileReference; explicitFileType = wrapper.application; includeInIndex = 0; path = disrupt.app; sourceTree = BUILT_PRODUCTS_DIR; };
		22C0E3B31EE849DA006285E2 /* AppDelegate.swift */ = {isa = PBXFileReference; lastKnownFileType = sourcecode.swift; path = AppDelegate.swift; sourceTree = "<group>"; };
		22C0E3B51EE849DA006285E2 /* ViewController.swift */ = {isa = PBXFileReference; lastKnownFileType = sourcecode.swift; path = ViewController.swift; sourceTree = "<group>"; };
		22C0E3B81EE849DA006285E2 /* Base */ = {isa = PBXFileReference; lastKnownFileType = file.storyboard; name = Base; path = Base.lproj/Main.storyboard; sourceTree = "<group>"; };
		22C0E3BA1EE849DA006285E2 /* Assets.xcassets */ = {isa = PBXFileReference; lastKnownFileType = folder.assetcatalog; path = Assets.xcassets; sourceTree = "<group>"; };
		22C0E3BD1EE849DA006285E2 /* Base */ = {isa = PBXFileReference; lastKnownFileType = file.storyboard; name = Base; path = Base.lproj/LaunchScreen.storyboard; sourceTree = "<group>"; };
		22C0E3BF1EE849DA006285E2 /* Info.plist */ = {isa = PBXFileReference; lastKnownFileType = text.plist.xml; path = Info.plist; sourceTree = "<group>"; };
		22C0E3C41EE849DA006285E2 /* disruptTests.xctest */ = {isa = PBXFileReference; explicitFileType = wrapper.cfbundle; includeInIndex = 0; path = disruptTests.xctest; sourceTree = BUILT_PRODUCTS_DIR; };
		22C0E3C81EE849DA006285E2 /* disruptTests.swift */ = {isa = PBXFileReference; lastKnownFileType = sourcecode.swift; path = disruptTests.swift; sourceTree = "<group>"; };
		22C0E3CA1EE849DA006285E2 /* Info.plist */ = {isa = PBXFileReference; lastKnownFileType = text.plist.xml; path = Info.plist; sourceTree = "<group>"; };
		22C0E3CF1EE849DA006285E2 /* disruptUITests.xctest */ = {isa = PBXFileReference; explicitFileType = wrapper.cfbundle; includeInIndex = 0; path = disruptUITests.xctest; sourceTree = BUILT_PRODUCTS_DIR; };
		22C0E3D31EE849DA006285E2 /* disruptUITests.swift */ = {isa = PBXFileReference; lastKnownFileType = sourcecode.swift; path = disruptUITests.swift; sourceTree = "<group>"; };
		22C0E3D51EE849DA006285E2 /* Info.plist */ = {isa = PBXFileReference; lastKnownFileType = text.plist.xml; path = Info.plist; sourceTree = "<group>"; };
		22FEF3631EE86A3900942A60 /* MapViewController.swift */ = {isa = PBXFileReference; fileEncoding = 4; lastKnownFileType = sourcecode.swift; path = MapViewController.swift; sourceTree = "<group>"; };
		22FEF3651EE86AF600942A60 /* Location.swift */ = {isa = PBXFileReference; fileEncoding = 4; lastKnownFileType = sourcecode.swift; path = Location.swift; sourceTree = "<group>"; };
		344F92F4283AB6ACEBEE8230 /* Pods-disrupt.debug.xcconfig */ = {isa = PBXFileReference; includeInIndex = 1; lastKnownFileType = text.xcconfig; name = "Pods-disrupt.debug.xcconfig"; path = "Pods/Target Support Files/Pods-disrupt/Pods-disrupt.debug.xcconfig"; sourceTree = "<group>"; };
		36C2F0F44D121C402540E19E /* Pods-disruptTests.debug.xcconfig */ = {isa = PBXFileReference; includeInIndex = 1; lastKnownFileType = text.xcconfig; name = "Pods-disruptTests.debug.xcconfig"; path = "Pods/Target Support Files/Pods-disruptTests/Pods-disruptTests.debug.xcconfig"; sourceTree = "<group>"; };
		8BE52A5287793090949A6770 /* Pods-disrupt.release.xcconfig */ = {isa = PBXFileReference; includeInIndex = 1; lastKnownFileType = text.xcconfig; name = "Pods-disrupt.release.xcconfig"; path = "Pods/Target Support Files/Pods-disrupt/Pods-disrupt.release.xcconfig"; sourceTree = "<group>"; };
		92D49F3D9C9A9825E38824D1 /* Pods_disrupt.framework */ = {isa = PBXFileReference; explicitFileType = wrapper.framework; includeInIndex = 0; path = Pods_disrupt.framework; sourceTree = BUILT_PRODUCTS_DIR; };
		C25A7F6931408D606C71E479 /* Pods-disruptUITests.debug.xcconfig */ = {isa = PBXFileReference; includeInIndex = 1; lastKnownFileType = text.xcconfig; name = "Pods-disruptUITests.debug.xcconfig"; path = "Pods/Target Support Files/Pods-disruptUITests/Pods-disruptUITests.debug.xcconfig"; sourceTree = "<group>"; };
		E4A60F26123CC59C83C05BEB /* Pods-disruptUITests.release.xcconfig */ = {isa = PBXFileReference; includeInIndex = 1; lastKnownFileType = text.xcconfig; name = "Pods-disruptUITests.release.xcconfig"; path = "Pods/Target Support Files/Pods-disruptUITests/Pods-disruptUITests.release.xcconfig"; sourceTree = "<group>"; };
/* End PBXFileReference section */

/* Begin PBXFrameworksBuildPhase section */
		22C0E3AD1EE849DA006285E2 /* Frameworks */ = {
			isa = PBXFrameworksBuildPhase;
			buildActionMask = 2147483647;
			files = (
				EE9A62AB5AA787DABD75B198 /* Pods_disrupt.framework in Frameworks */,
			);
			runOnlyForDeploymentPostprocessing = 0;
		};
		22C0E3C11EE849DA006285E2 /* Frameworks */ = {
			isa = PBXFrameworksBuildPhase;
			buildActionMask = 2147483647;
			files = (
				A0E14981D50F45EAC9F3409D /* Pods_disruptTests.framework in Frameworks */,
			);
			runOnlyForDeploymentPostprocessing = 0;
		};
		22C0E3CC1EE849DA006285E2 /* Frameworks */ = {
			isa = PBXFrameworksBuildPhase;
			buildActionMask = 2147483647;
			files = (
				D33295CAC9DA5764FCC82C80 /* Pods_disruptUITests.framework in Frameworks */,
			);
			runOnlyForDeploymentPostprocessing = 0;
		};
/* End PBXFrameworksBuildPhase section */

/* Begin PBXGroup section */
		22C0E3A71EE849DA006285E2 = {
			isa = PBXGroup;
			children = (
				22C0E3B21EE849DA006285E2 /* disrupt */,
				22C0E3C71EE849DA006285E2 /* disruptTests */,
				22C0E3D21EE849DA006285E2 /* disruptUITests */,
				22C0E3B11EE849DA006285E2 /* Products */,
				E3A2A7CBC46367A3B704D7FB /* Pods */,
				DA85B2118AE093F075E72AC0 /* Frameworks */,
			);
			sourceTree = "<group>";
		};
		22C0E3B11EE849DA006285E2 /* Products */ = {
			isa = PBXGroup;
			children = (
				22C0E3B01EE849DA006285E2 /* disrupt.app */,
				22C0E3C41EE849DA006285E2 /* disruptTests.xctest */,
				22C0E3CF1EE849DA006285E2 /* disruptUITests.xctest */,
			);
			name = Products;
			sourceTree = "<group>";
		};
		22C0E3B21EE849DA006285E2 /* disrupt */ = {
			isa = PBXGroup;
			children = (
				22C0E3B31EE849DA006285E2 /* AppDelegate.swift */,
				22C0E3B51EE849DA006285E2 /* ViewController.swift */,
				22C0E3B71EE849DA006285E2 /* Main.storyboard */,
				22C0E3BA1EE849DA006285E2 /* Assets.xcassets */,
				22C0E3BC1EE849DA006285E2 /* LaunchScreen.storyboard */,
				22C0E3BF1EE849DA006285E2 /* Info.plist */,
				22FEF3631EE86A3900942A60 /* MapViewController.swift */,
				22FEF3651EE86AF600942A60 /* Location.swift */,
			);
			path = disrupt;
			sourceTree = "<group>";
		};
		22C0E3C71EE849DA006285E2 /* disruptTests */ = {
			isa = PBXGroup;
			children = (
				22C0E3C81EE849DA006285E2 /* disruptTests.swift */,
				22C0E3CA1EE849DA006285E2 /* Info.plist */,
			);
			path = disruptTests;
			sourceTree = "<group>";
		};
		22C0E3D21EE849DA006285E2 /* disruptUITests */ = {
			isa = PBXGroup;
			children = (
				22C0E3D31EE849DA006285E2 /* disruptUITests.swift */,
				22C0E3D51EE849DA006285E2 /* Info.plist */,
			);
			path = disruptUITests;
			sourceTree = "<group>";
		};
		DA85B2118AE093F075E72AC0 /* Frameworks */ = {
			isa = PBXGroup;
			children = (
				92D49F3D9C9A9825E38824D1 /* Pods_disrupt.framework */,
				0CA4E944B228F93F2E89676B /* Pods_disruptTests.framework */,
				18DFF9634A9387589719948A /* Pods_disruptUITests.framework */,
			);
			name = Frameworks;
			sourceTree = "<group>";
		};
		E3A2A7CBC46367A3B704D7FB /* Pods */ = {
			isa = PBXGroup;
			children = (
				344F92F4283AB6ACEBEE8230 /* Pods-disrupt.debug.xcconfig */,
				8BE52A5287793090949A6770 /* Pods-disrupt.release.xcconfig */,
				36C2F0F44D121C402540E19E /* Pods-disruptTests.debug.xcconfig */,
				117AC3C80A5384B204072F8E /* Pods-disruptTests.release.xcconfig */,
				C25A7F6931408D606C71E479 /* Pods-disruptUITests.debug.xcconfig */,
				E4A60F26123CC59C83C05BEB /* Pods-disruptUITests.release.xcconfig */,
			);
			name = Pods;
			sourceTree = "<group>";
		};
/* End PBXGroup section */

/* Begin PBXNativeTarget section */
		22C0E3AF1EE849DA006285E2 /* disrupt */ = {
			isa = PBXNativeTarget;
			buildConfigurationList = 22C0E3D81EE849DA006285E2 /* Build configuration list for PBXNativeTarget "disrupt" */;
			buildPhases = (
				385A76FB859336BE65D43304 /* [CP] Check Pods Manifest.lock */,
				22C0E3AC1EE849DA006285E2 /* Sources */,
				22C0E3AD1EE849DA006285E2 /* Frameworks */,
				22C0E3AE1EE849DA006285E2 /* Resources */,
				E8F32552A4F75B86D9EED2E3 /* [CP] Embed Pods Frameworks */,
				1C603A703F953DAC184A7F50 /* [CP] Copy Pods Resources */,
			);
			buildRules = (
			);
			dependencies = (
			);
			name = disrupt;
			productName = disrupt;
			productReference = 22C0E3B01EE849DA006285E2 /* disrupt.app */;
			productType = "com.apple.product-type.application";
		};
		22C0E3C31EE849DA006285E2 /* disruptTests */ = {
			isa = PBXNativeTarget;
			buildConfigurationList = 22C0E3DB1EE849DA006285E2 /* Build configuration list for PBXNativeTarget "disruptTests" */;
			buildPhases = (
				1A455C7E04BAEEEAD7CB29F3 /* [CP] Check Pods Manifest.lock */,
				22C0E3C01EE849DA006285E2 /* Sources */,
				22C0E3C11EE849DA006285E2 /* Frameworks */,
				22C0E3C21EE849DA006285E2 /* Resources */,
				B673D78B2355C853A84C0DB8 /* [CP] Embed Pods Frameworks */,
				8E6B908C4CDAECEBF5CFC577 /* [CP] Copy Pods Resources */,
			);
			buildRules = (
			);
			dependencies = (
				22C0E3C61EE849DA006285E2 /* PBXTargetDependency */,
			);
			name = disruptTests;
			productName = disruptTests;
			productReference = 22C0E3C41EE849DA006285E2 /* disruptTests.xctest */;
			productType = "com.apple.product-type.bundle.unit-test";
		};
		22C0E3CE1EE849DA006285E2 /* disruptUITests */ = {
			isa = PBXNativeTarget;
			buildConfigurationList = 22C0E3DE1EE849DA006285E2 /* Build configuration list for PBXNativeTarget "disruptUITests" */;
			buildPhases = (
				1C4897B5166AF33C300CEE17 /* [CP] Check Pods Manifest.lock */,
				22C0E3CB1EE849DA006285E2 /* Sources */,
				22C0E3CC1EE849DA006285E2 /* Frameworks */,
				22C0E3CD1EE849DA006285E2 /* Resources */,
				E57884EBF27C7E9D3605FFE9 /* [CP] Embed Pods Frameworks */,
				6428F9D9EEC48CB179F84B57 /* [CP] Copy Pods Resources */,
			);
			buildRules = (
			);
			dependencies = (
				22C0E3D11EE849DA006285E2 /* PBXTargetDependency */,
			);
			name = disruptUITests;
			productName = disruptUITests;
			productReference = 22C0E3CF1EE849DA006285E2 /* disruptUITests.xctest */;
			productType = "com.apple.product-type.bundle.ui-testing";
		};
/* End PBXNativeTarget section */

/* Begin PBXProject section */
		22C0E3A81EE849DA006285E2 /* Project object */ = {
			isa = PBXProject;
			attributes = {
				LastSwiftUpdateCheck = 0820;
				LastUpgradeCheck = 0820;
				ORGANIZATIONNAME = "Annette Chen";
				TargetAttributes = {
					22C0E3AF1EE849DA006285E2 = {
						CreatedOnToolsVersion = 8.2;
						ProvisioningStyle = Automatic;
					};
					22C0E3C31EE849DA006285E2 = {
						CreatedOnToolsVersion = 8.2;
						ProvisioningStyle = Automatic;
						TestTargetID = 22C0E3AF1EE849DA006285E2;
					};
					22C0E3CE1EE849DA006285E2 = {
						CreatedOnToolsVersion = 8.2;
						ProvisioningStyle = Automatic;
						TestTargetID = 22C0E3AF1EE849DA006285E2;
					};
				};
			};
			buildConfigurationList = 22C0E3AB1EE849DA006285E2 /* Build configuration list for PBXProject "disrupt" */;
			compatibilityVersion = "Xcode 3.2";
			developmentRegion = English;
			hasScannedForEncodings = 0;
			knownRegions = (
				en,
				Base,
			);
			mainGroup = 22C0E3A71EE849DA006285E2;
			productRefGroup = 22C0E3B11EE849DA006285E2 /* Products */;
			projectDirPath = "";
			projectRoot = "";
			targets = (
				22C0E3AF1EE849DA006285E2 /* disrupt */,
				22C0E3C31EE849DA006285E2 /* disruptTests */,
				22C0E3CE1EE849DA006285E2 /* disruptUITests */,
			);
		};
/* End PBXProject section */

/* Begin PBXResourcesBuildPhase section */
		22C0E3AE1EE849DA006285E2 /* Resources */ = {
			isa = PBXResourcesBuildPhase;
			buildActionMask = 2147483647;
			files = (
				22C0E3BE1EE849DA006285E2 /* LaunchScreen.storyboard in Resources */,
				22C0E3BB1EE849DA006285E2 /* Assets.xcassets in Resources */,
				22C0E3B91EE849DA006285E2 /* Main.storyboard in Resources */,
			);
			runOnlyForDeploymentPostprocessing = 0;
		};
		22C0E3C21EE849DA006285E2 /* Resources */ = {
			isa = PBXResourcesBuildPhase;
			buildActionMask = 2147483647;
			files = (
			);
			runOnlyForDeploymentPostprocessing = 0;
		};
		22C0E3CD1EE849DA006285E2 /* Resources */ = {
			isa = PBXResourcesBuildPhase;
			buildActionMask = 2147483647;
			files = (
			);
			runOnlyForDeploymentPostprocessing = 0;
		};
/* End PBXResourcesBuildPhase section */

/* Begin PBXShellScriptBuildPhase section */
		1A455C7E04BAEEEAD7CB29F3 /* [CP] Check Pods Manifest.lock */ = {
			isa = PBXShellScriptBuildPhase;
			buildActionMask = 2147483647;
			files = (
			);
			inputPaths = (
			);
			name = "[CP] Check Pods Manifest.lock";
			outputPaths = (
			);
			runOnlyForDeploymentPostprocessing = 0;
			shellPath = /bin/sh;
			shellScript = "diff \"${PODS_PODFILE_DIR_PATH}/Podfile.lock\" \"${PODS_ROOT}/Manifest.lock\" > /dev/null\nif [ $? != 0 ] ; then\n    # print error to STDERR\n    echo \"error: The sandbox is not in sync with the Podfile.lock. Run 'pod install' or update your CocoaPods installation.\" >&2\n    exit 1\nfi\n";
			showEnvVarsInLog = 0;
		};
		1C4897B5166AF33C300CEE17 /* [CP] Check Pods Manifest.lock */ = {
			isa = PBXShellScriptBuildPhase;
			buildActionMask = 2147483647;
			files = (
			);
			inputPaths = (
			);
			name = "[CP] Check Pods Manifest.lock";
			outputPaths = (
			);
			runOnlyForDeploymentPostprocessing = 0;
			shellPath = /bin/sh;
			shellScript = "diff \"${PODS_PODFILE_DIR_PATH}/Podfile.lock\" \"${PODS_ROOT}/Manifest.lock\" > /dev/null\nif [ $? != 0 ] ; then\n    # print error to STDERR\n    echo \"error: The sandbox is not in sync with the Podfile.lock. Run 'pod install' or update your CocoaPods installation.\" >&2\n    exit 1\nfi\n";
			showEnvVarsInLog = 0;
		};
		1C603A703F953DAC184A7F50 /* [CP] Copy Pods Resources */ = {
			isa = PBXShellScriptBuildPhase;
			buildActionMask = 2147483647;
			files = (
			);
			inputPaths = (
			);
			name = "[CP] Copy Pods Resources";
			outputPaths = (
			);
			runOnlyForDeploymentPostprocessing = 0;
			shellPath = /bin/sh;
			shellScript = "\"${SRCROOT}/Pods/Target Support Files/Pods-disrupt/Pods-disrupt-resources.sh\"\n";
			showEnvVarsInLog = 0;
		};
		385A76FB859336BE65D43304 /* [CP] Check Pods Manifest.lock */ = {
			isa = PBXShellScriptBuildPhase;
			buildActionMask = 2147483647;
			files = (
			);
			inputPaths = (
			);
			name = "[CP] Check Pods Manifest.lock";
			outputPaths = (
			);
			runOnlyForDeploymentPostprocessing = 0;
			shellPath = /bin/sh;
			shellScript = "diff \"${PODS_PODFILE_DIR_PATH}/Podfile.lock\" \"${PODS_ROOT}/Manifest.lock\" > /dev/null\nif [ $? != 0 ] ; then\n    # print error to STDERR\n    echo \"error: The sandbox is not in sync with the Podfile.lock. Run 'pod install' or update your CocoaPods installation.\" >&2\n    exit 1\nfi\n";
			showEnvVarsInLog = 0;
		};
		6428F9D9EEC48CB179F84B57 /* [CP] Copy Pods Resources */ = {
			isa = PBXShellScriptBuildPhase;
			buildActionMask = 2147483647;
			files = (
			);
			inputPaths = (
			);
			name = "[CP] Copy Pods Resources";
			outputPaths = (
			);
			runOnlyForDeploymentPostprocessing = 0;
			shellPath = /bin/sh;
			shellScript = "\"${SRCROOT}/Pods/Target Support Files/Pods-disruptUITests/Pods-disruptUITests-resources.sh\"\n";
			showEnvVarsInLog = 0;
		};
		8E6B908C4CDAECEBF5CFC577 /* [CP] Copy Pods Resources */ = {
			isa = PBXShellScriptBuildPhase;
			buildActionMask = 2147483647;
			files = (
			);
			inputPaths = (
			);
			name = "[CP] Copy Pods Resources";
			outputPaths = (
			);
			runOnlyForDeploymentPostprocessing = 0;
			shellPath = /bin/sh;
			shellScript = "\"${SRCROOT}/Pods/Target Support Files/Pods-disruptTests/Pods-disruptTests-resources.sh\"\n";
			showEnvVarsInLog = 0;
		};
		B673D78B2355C853A84C0DB8 /* [CP] Embed Pods Frameworks */ = {
			isa = PBXShellScriptBuildPhase;
			buildActionMask = 2147483647;
			files = (
			);
			inputPaths = (
			);
			name = "[CP] Embed Pods Frameworks";
			outputPaths = (
			);
			runOnlyForDeploymentPostprocessing = 0;
			shellPath = /bin/sh;
			shellScript = "\"${SRCROOT}/Pods/Target Support Files/Pods-disruptTests/Pods-disruptTests-frameworks.sh\"\n";
			showEnvVarsInLog = 0;
		};
		E57884EBF27C7E9D3605FFE9 /* [CP] Embed Pods Frameworks */ = {
			isa = PBXShellScriptBuildPhase;
			buildActionMask = 2147483647;
			files = (
			);
			inputPaths = (
			);
			name = "[CP] Embed Pods Frameworks";
			outputPaths = (
			);
			runOnlyForDeploymentPostprocessing = 0;
			shellPath = /bin/sh;
			shellScript = "\"${SRCROOT}/Pods/Target Support Files/Pods-disruptUITests/Pods-disruptUITests-frameworks.sh\"\n";
			showEnvVarsInLog = 0;
		};
		E8F32552A4F75B86D9EED2E3 /* [CP] Embed Pods Frameworks */ = {
			isa = PBXShellScriptBuildPhase;
			buildActionMask = 2147483647;
			files = (
			);
			inputPaths = (
			);
			name = "[CP] Embed Pods Frameworks";
			outputPaths = (
			);
			runOnlyForDeploymentPostprocessing = 0;
			shellPath = /bin/sh;
			shellScript = "\"${SRCROOT}/Pods/Target Support Files/Pods-disrupt/Pods-disrupt-frameworks.sh\"\n";
			showEnvVarsInLog = 0;
		};
/* End PBXShellScriptBuildPhase section */

/* Begin PBXSourcesBuildPhase section */
		22C0E3AC1EE849DA006285E2 /* Sources */ = {
			isa = PBXSourcesBuildPhase;
			buildActionMask = 2147483647;
			files = (
				22C0E3B61EE849DA006285E2 /* ViewController.swift in Sources */,
				22FEF3641EE86A3900942A60 /* MapViewController.swift in Sources */,
				22FEF3661EE86AF600942A60 /* Location.swift in Sources */,
				22C0E3B41EE849DA006285E2 /* AppDelegate.swift in Sources */,
			);
			runOnlyForDeploymentPostprocessing = 0;
		};
		22C0E3C01EE849DA006285E2 /* Sources */ = {
			isa = PBXSourcesBuildPhase;
			buildActionMask = 2147483647;
			files = (
				22C0E3C91EE849DA006285E2 /* disruptTests.swift in Sources */,
			);
			runOnlyForDeploymentPostprocessing = 0;
		};
		22C0E3CB1EE849DA006285E2 /* Sources */ = {
			isa = PBXSourcesBuildPhase;
			buildActionMask = 2147483647;
			files = (
				22C0E3D41EE849DA006285E2 /* disruptUITests.swift in Sources */,
			);
			runOnlyForDeploymentPostprocessing = 0;
		};
/* End PBXSourcesBuildPhase section */

/* Begin PBXTargetDependency section */
		22C0E3C61EE849DA006285E2 /* PBXTargetDependency */ = {
			isa = PBXTargetDependency;
			target = 22C0E3AF1EE849DA006285E2 /* disrupt */;
			targetProxy = 22C0E3C51EE849DA006285E2 /* PBXContainerItemProxy */;
		};
		22C0E3D11EE849DA006285E2 /* PBXTargetDependency */ = {
			isa = PBXTargetDependency;
			target = 22C0E3AF1EE849DA006285E2 /* disrupt */;
			targetProxy = 22C0E3D01EE849DA006285E2 /* PBXContainerItemProxy */;
		};
/* End PBXTargetDependency section */

/* Begin PBXVariantGroup section */
		22C0E3B71EE849DA006285E2 /* Main.storyboard */ = {
			isa = PBXVariantGroup;
			children = (
				22C0E3B81EE849DA006285E2 /* Base */,
			);
			name = Main.storyboard;
			sourceTree = "<group>";
		};
		22C0E3BC1EE849DA006285E2 /* LaunchScreen.storyboard */ = {
			isa = PBXVariantGroup;
			children = (
				22C0E3BD1EE849DA006285E2 /* Base */,
			);
			name = LaunchScreen.storyboard;
			sourceTree = "<group>";
		};
/* End PBXVariantGroup section */

/* Begin XCBuildConfiguration section */
		22C0E3D61EE849DA006285E2 /* Debug */ = {
			isa = XCBuildConfiguration;
			buildSettings = {
				ALWAYS_SEARCH_USER_PATHS = NO;
				CLANG_ANALYZER_NONNULL = YES;
				CLANG_CXX_LANGUAGE_STANDARD = "gnu++0x";
				CLANG_CXX_LIBRARY = "libc++";
				CLANG_ENABLE_MODULES = YES;
				CLANG_ENABLE_OBJC_ARC = YES;
				CLANG_WARN_BOOL_CONVERSION = YES;
				CLANG_WARN_CONSTANT_CONVERSION = YES;
				CLANG_WARN_DIRECT_OBJC_ISA_USAGE = YES_ERROR;
				CLANG_WARN_DOCUMENTATION_COMMENTS = YES;
				CLANG_WARN_EMPTY_BODY = YES;
				CLANG_WARN_ENUM_CONVERSION = YES;
				CLANG_WARN_INFINITE_RECURSION = YES;
				CLANG_WARN_INT_CONVERSION = YES;
				CLANG_WARN_OBJC_ROOT_CLASS = YES_ERROR;
				CLANG_WARN_SUSPICIOUS_MOVE = YES;
				CLANG_WARN_UNREACHABLE_CODE = YES;
				CLANG_WARN__DUPLICATE_METHOD_MATCH = YES;
				"CODE_SIGN_IDENTITY[sdk=iphoneos*]" = "iPhone Developer";
				COPY_PHASE_STRIP = NO;
				DEBUG_INFORMATION_FORMAT = dwarf;
				ENABLE_STRICT_OBJC_MSGSEND = YES;
				ENABLE_TESTABILITY = YES;
				GCC_C_LANGUAGE_STANDARD = gnu99;
				GCC_DYNAMIC_NO_PIC = NO;
				GCC_NO_COMMON_BLOCKS = YES;
				GCC_OPTIMIZATION_LEVEL = 0;
				GCC_PREPROCESSOR_DEFINITIONS = (
					"DEBUG=1",
					"$(inherited)",
				);
				GCC_WARN_64_TO_32_BIT_CONVERSION = YES;
				GCC_WARN_ABOUT_RETURN_TYPE = YES_ERROR;
				GCC_WARN_UNDECLARED_SELECTOR = YES;
				GCC_WARN_UNINITIALIZED_AUTOS = YES_AGGRESSIVE;
				GCC_WARN_UNUSED_FUNCTION = YES;
				GCC_WARN_UNUSED_VARIABLE = YES;
				IPHONEOS_DEPLOYMENT_TARGET = 10.2;
				MTL_ENABLE_DEBUG_INFO = YES;
				ONLY_ACTIVE_ARCH = YES;
				SDKROOT = iphoneos;
				SWIFT_ACTIVE_COMPILATION_CONDITIONS = DEBUG;
				SWIFT_OPTIMIZATION_LEVEL = "-Onone";
			};
			name = Debug;
		};
		22C0E3D71EE849DA006285E2 /* Release */ = {
			isa = XCBuildConfiguration;
			buildSettings = {
				ALWAYS_SEARCH_USER_PATHS = NO;
				CLANG_ANALYZER_NONNULL = YES;
				CLANG_CXX_LANGUAGE_STANDARD = "gnu++0x";
				CLANG_CXX_LIBRARY = "libc++";
				CLANG_ENABLE_MODULES = YES;
				CLANG_ENABLE_OBJC_ARC = YES;
				CLANG_WARN_BOOL_CONVERSION = YES;
				CLANG_WARN_CONSTANT_CONVERSION = YES;
				CLANG_WARN_DIRECT_OBJC_ISA_USAGE = YES_ERROR;
				CLANG_WARN_DOCUMENTATION_COMMENTS = YES;
				CLANG_WARN_EMPTY_BODY = YES;
				CLANG_WARN_ENUM_CONVERSION = YES;
				CLANG_WARN_INFINITE_RECURSION = YES;
				CLANG_WARN_INT_CONVERSION = YES;
				CLANG_WARN_OBJC_ROOT_CLASS = YES_ERROR;
				CLANG_WARN_SUSPICIOUS_MOVE = YES;
				CLANG_WARN_UNREACHABLE_CODE = YES;
				CLANG_WARN__DUPLICATE_METHOD_MATCH = YES;
				"CODE_SIGN_IDENTITY[sdk=iphoneos*]" = "iPhone Developer";
				COPY_PHASE_STRIP = NO;
				DEBUG_INFORMATION_FORMAT = "dwarf-with-dsym";
				ENABLE_NS_ASSERTIONS = NO;
				ENABLE_STRICT_OBJC_MSGSEND = YES;
				GCC_C_LANGUAGE_STANDARD = gnu99;
				GCC_NO_COMMON_BLOCKS = YES;
				GCC_WARN_64_TO_32_BIT_CONVERSION = YES;
				GCC_WARN_ABOUT_RETURN_TYPE = YES_ERROR;
				GCC_WARN_UNDECLARED_SELECTOR = YES;
				GCC_WARN_UNINITIALIZED_AUTOS = YES_AGGRESSIVE;
				GCC_WARN_UNUSED_FUNCTION = YES;
				GCC_WARN_UNUSED_VARIABLE = YES;
				IPHONEOS_DEPLOYMENT_TARGET = 10.2;
				MTL_ENABLE_DEBUG_INFO = NO;
				SDKROOT = iphoneos;
				SWIFT_OPTIMIZATION_LEVEL = "-Owholemodule";
				VALIDATE_PRODUCT = YES;
			};
			name = Release;
		};
		22C0E3D91EE849DA006285E2 /* Debug */ = {
			isa = XCBuildConfiguration;
			baseConfigurationReference = 344F92F4283AB6ACEBEE8230 /* Pods-disrupt.debug.xcconfig */;
			buildSettings = {
				ASSETCATALOG_COMPILER_APPICON_NAME = AppIcon;
				INFOPLIST_FILE = disrupt/Info.plist;
				LD_RUNPATH_SEARCH_PATHS = "$(inherited) @executable_path/Frameworks";
				PRODUCT_BUNDLE_IDENTIFIER = carbon.disrupt;
				PRODUCT_NAME = "$(TARGET_NAME)";
				SWIFT_VERSION = 3.0;
			};
			name = Debug;
		};
		22C0E3DA1EE849DA006285E2 /* Release */ = {
			isa = XCBuildConfiguration;
			baseConfigurationReference = 8BE52A5287793090949A6770 /* Pods-disrupt.release.xcconfig */;
			buildSettings = {
				ASSETCATALOG_COMPILER_APPICON_NAME = AppIcon;
				INFOPLIST_FILE = disrupt/Info.plist;
				LD_RUNPATH_SEARCH_PATHS = "$(inherited) @executable_path/Frameworks";
				PRODUCT_BUNDLE_IDENTIFIER = carbon.disrupt;
				PRODUCT_NAME = "$(TARGET_NAME)";
				SWIFT_VERSION = 3.0;
			};
			name = Release;
		};
		22C0E3DC1EE849DA006285E2 /* Debug */ = {
			isa = XCBuildConfiguration;
			baseConfigurationReference = 36C2F0F44D121C402540E19E /* Pods-disruptTests.debug.xcconfig */;
			buildSettings = {
				ALWAYS_EMBED_SWIFT_STANDARD_LIBRARIES = YES;
				BUNDLE_LOADER = "$(TEST_HOST)";
				INFOPLIST_FILE = disruptTests/Info.plist;
				LD_RUNPATH_SEARCH_PATHS = "$(inherited) @executable_path/Frameworks @loader_path/Frameworks";
				PRODUCT_BUNDLE_IDENTIFIER = carbon.disruptTests;
				PRODUCT_NAME = "$(TARGET_NAME)";
				SWIFT_VERSION = 3.0;
				TEST_HOST = "$(BUILT_PRODUCTS_DIR)/disrupt.app/disrupt";
			};
			name = Debug;
		};
		22C0E3DD1EE849DA006285E2 /* Release */ = {
			isa = XCBuildConfiguration;
			baseConfigurationReference = 117AC3C80A5384B204072F8E /* Pods-disruptTests.release.xcconfig */;
			buildSettings = {
				ALWAYS_EMBED_SWIFT_STANDARD_LIBRARIES = YES;
				BUNDLE_LOADER = "$(TEST_HOST)";
				INFOPLIST_FILE = disruptTests/Info.plist;
				LD_RUNPATH_SEARCH_PATHS = "$(inherited) @executable_path/Frameworks @loader_path/Frameworks";
				PRODUCT_BUNDLE_IDENTIFIER = carbon.disruptTests;
				PRODUCT_NAME = "$(TARGET_NAME)";
				SWIFT_VERSION = 3.0;
				TEST_HOST = "$(BUILT_PRODUCTS_DIR)/disrupt.app/disrupt";
			};
			name = Release;
		};
		22C0E3DF1EE849DA006285E2 /* Debug */ = {
			isa = XCBuildConfiguration;
			baseConfigurationReference = C25A7F6931408D606C71E479 /* Pods-disruptUITests.debug.xcconfig */;
			buildSettings = {
				ALWAYS_EMBED_SWIFT_STANDARD_LIBRARIES = YES;
				INFOPLIST_FILE = disruptUITests/Info.plist;
				LD_RUNPATH_SEARCH_PATHS = "$(inherited) @executable_path/Frameworks @loader_path/Frameworks";
				PRODUCT_BUNDLE_IDENTIFIER = carbon.disruptUITests;
				PRODUCT_NAME = "$(TARGET_NAME)";
				SWIFT_VERSION = 3.0;
				TEST_TARGET_NAME = disrupt;
			};
			name = Debug;
		};
		22C0E3E01EE849DA006285E2 /* Release */ = {
			isa = XCBuildConfiguration;
			baseConfigurationReference = E4A60F26123CC59C83C05BEB /* Pods-disruptUITests.release.xcconfig */;
			buildSettings = {
				ALWAYS_EMBED_SWIFT_STANDARD_LIBRARIES = YES;
				INFOPLIST_FILE = disruptUITests/Info.plist;
				LD_RUNPATH_SEARCH_PATHS = "$(inherited) @executable_path/Frameworks @loader_path/Frameworks";
				PRODUCT_BUNDLE_IDENTIFIER = carbon.disruptUITests;
				PRODUCT_NAME = "$(TARGET_NAME)";
				SWIFT_VERSION = 3.0;
				TEST_TARGET_NAME = disrupt;
			};
			name = Release;
		};
/* End XCBuildConfiguration section */

/* Begin XCConfigurationList section */
		22C0E3AB1EE849DA006285E2 /* Build configuration list for PBXProject "disrupt" */ = {
			isa = XCConfigurationList;
			buildConfigurations = (
				22C0E3D61EE849DA006285E2 /* Debug */,
				22C0E3D71EE849DA006285E2 /* Release */,
			);
			defaultConfigurationIsVisible = 0;
			defaultConfigurationName = Release;
		};
		22C0E3D81EE849DA006285E2 /* Build configuration list for PBXNativeTarget "disrupt" */ = {
			isa = XCConfigurationList;
			buildConfigurations = (
				22C0E3D91EE849DA006285E2 /* Debug */,
				22C0E3DA1EE849DA006285E2 /* Release */,
			);
			defaultConfigurationIsVisible = 0;
			defaultConfigurationName = Release;
		};
		22C0E3DB1EE849DA006285E2 /* Build configuration list for PBXNativeTarget "disruptTests" */ = {
			isa = XCConfigurationList;
			buildConfigurations = (
				22C0E3DC1EE849DA006285E2 /* Debug */,
				22C0E3DD1EE849DA006285E2 /* Release */,
			);
			defaultConfigurationIsVisible = 0;
			defaultConfigurationName = Release;
		};
		22C0E3DE1EE849DA006285E2 /* Build configuration list for PBXNativeTarget "disruptUITests" */ = {
			isa = XCConfigurationList;
			buildConfigurations = (
				22C0E3DF1EE849DA006285E2 /* Debug */,
				22C0E3E01EE849DA006285E2 /* Release */,
			);
			defaultConfigurationIsVisible = 0;
			defaultConfigurationName = Release;
		};
/* End XCConfigurationList section */
	};
	rootObject = 22C0E3A81EE849DA006285E2 /* Project object */;
}
